
Microsoft Visual Studio Solution File, Format Version 12.00
# Visual Studio Version 16
VisualStudioVersion = 16.0.30717.126
MinimumVisualStudioVersion = 10.0.40219.1
Project("{FAE04EC0-301F-11D3-BF4B-00C04F79EFBC}") = "UsersWebAPI", "UsersWebAPI\UsersWebAPI.csproj", "{4A4AD32B-19AA-4D74-BF80-5FC63E0BF989}"
EndProject
Global
	GlobalSection(SolutionConfigurationPlatforms) = preSolution
		Debug|Any CPU = Debug|Any CPU
		Release|Any CPU = Release|Any CPU
	EndGlobalSection
	GlobalSection(ProjectConfigurationPlatforms) = postSolution
		{4A4AD32B-19AA-4D74-BF80-5FC63E0BF989}.Debug|Any CPU.ActiveCfg = Debug|Any CPU
		{4A4AD32B-19AA-4D74-BF80-5FC63E0BF989}.Debug|Any CPU.Build.0 = Debug|Any CPU
		{4A4AD32B-19AA-4D74-BF80-5FC63E0BF989}.Release|Any CPU.ActiveCfg = Release|Any CPU
		{4A4AD32B-19AA-4D74-BF80-5FC63E0BF989}.Release|Any CPU.Build.0 = Release|Any CPU
	EndGlobalSection
	GlobalSection(SolutionProperties) = preSolution
		HideSolutionNode = FALSE
	EndGlobalSection
	GlobalSection(ExtensibilityGlobals) = postSolution
		SolutionGuid = {A0780994-2805-4303-9597-3859AFC01805}
	EndGlobalSection
EndGlobal
